
Microsoft Visual Studio Solution File, Format Version 12.00
# Visual Studio Version 16
VisualStudioVersion = 16.0.30320.27
MinimumVisualStudioVersion = 10.0.40219.1
Project("{FAE04EC0-301F-11D3-BF4B-00C04F79EFBC}") = "BilgeAdam.OOP.Samples", "BilgeAdam.OOP.Samples\BilgeAdam.OOP.Samples.csproj", "{DEE87AF8-0E5E-4D16-8BCD-73339D117576}"
EndProject
Project("{FAE04EC0-301F-11D3-BF4B-00C04F79EFBC}") = "BilgeAdam.OOP.Common1", "BilgeAdam.OOP.Common1\BilgeAdam.OOP.Common1.csproj", "{2D155B3D-32B1-4383-92C4-DF45A93366F8}"
EndProject
Project("{FAE04EC0-301F-11D3-BF4B-00C04F79EFBC}") = "BilgeAdam.OOP.Workshop", "BilgeAdam.OOP.Workshop\BilgeAdam.OOP.Workshop.csproj", "{2740A521-64A7-41E7-BFEF-98EE0868CE56}"
EndProject
Project("{FAE04EC0-301F-11D3-BF4B-00C04F79EFBC}") = "BilgeAdam.Workshop.App", "BilgeAdam.Workshop.App\BilgeAdam.Workshop.App.csproj", "{7098F5FB-1D20-4C80-8031-782A0E826B1F}"
EndProject
Global
	GlobalSection(SolutionConfigurationPlatforms) = preSolution
		Debug|Any CPU = Debug|Any CPU
		Release|Any CPU = Release|Any CPU
	EndGlobalSection
	GlobalSection(ProjectConfigurationPlatforms) = postSolution
		{DEE87AF8-0E5E-4D16-8BCD-73339D117576}.Debug|Any CPU.ActiveCfg = Debug|Any CPU
		{DEE87AF8-0E5E-4D16-8BCD-73339D117576}.Debug|Any CPU.Build.0 = Debug|Any CPU
		{DEE87AF8-0E5E-4D16-8BCD-73339D117576}.Release|Any CPU.ActiveCfg = Release|Any CPU
		{DEE87AF8-0E5E-4D16-8BCD-73339D117576}.Release|Any CPU.Build.0 = Release|Any CPU
		{2D155B3D-32B1-4383-92C4-DF45A93366F8}.Debug|Any CPU.ActiveCfg = Debug|Any CPU
		{2D155B3D-32B1-4383-92C4-DF45A93366F8}.Debug|Any CPU.Build.0 = Debug|Any CPU
		{2D155B3D-32B1-4383-92C4-DF45A93366F8}.Release|Any CPU.ActiveCfg = Release|Any CPU
		{2D155B3D-32B1-4383-92C4-DF45A93366F8}.Release|Any CPU.Build.0 = Release|Any CPU
		{2740A521-64A7-41E7-BFEF-98EE0868CE56}.Debug|Any CPU.ActiveCfg = Debug|Any CPU
		{2740A521-64A7-41E7-BFEF-98EE0868CE56}.Debug|Any CPU.Build.0 = Debug|Any CPU
		{2740A521-64A7-41E7-BFEF-98EE0868CE56}.Release|Any CPU.ActiveCfg = Release|Any CPU
		{2740A521-64A7-41E7-BFEF-98EE0868CE56}.Release|Any CPU.Build.0 = Release|Any CPU
		{7098F5FB-1D20-4C80-8031-782A0E826B1F}.Debug|Any CPU.ActiveCfg = Debug|Any CPU
		{7098F5FB-1D20-4C80-8031-782A0E826B1F}.Debug|Any CPU.Build.0 = Debug|Any CPU
		{7098F5FB-1D20-4C80-8031-782A0E826B1F}.Release|Any CPU.ActiveCfg = Release|Any CPU
		{7098F5FB-1D20-4C80-8031-782A0E826B1F}.Release|Any CPU.Build.0 = Release|Any CPU
	EndGlobalSection
	GlobalSection(SolutionProperties) = preSolution
		HideSolutionNode = FALSE
	EndGlobalSection
	GlobalSection(ExtensibilityGlobals) = postSolution
		SolutionGuid = {C04590CE-E7B2-4E24-B148-BE1CD297DC25}
	EndGlobalSection
EndGlobal
